
Microsoft Visual Studio Solution File, Format Version 12.00
# Visual Studio 15
VisualStudioVersion = 15.0.28307.645
MinimumVisualStudioVersion = 10.0.40219.1
Project("{9A19103F-16F7-4668-BE54-9A1E7A4F7556}") = "OverHeadRecord.API", "OverHeadRecord.API\OverHeadRecord.API.csproj", "{B1E36323-3386-49BB-BD65-90FBF2CBE88D}"
EndProject
Project("{FAE04EC0-301F-11D3-BF4B-00C04F79EFBC}") = "OverHeadRecord.BLL", "OverHeadRecord.BLL\OverHeadRecord.BLL.csproj", "{1D852C93-C64F-43CA-89E0-459490F251F6}"
EndProject
Project("{FAE04EC0-301F-11D3-BF4B-00C04F79EFBC}") = "OverHeadRecord.DAO", "OverHeadRecord.DAO\OverHeadRecord.DAO.csproj", "{FBD66A5B-614B-475B-8F2B-D2EC68A8CE4D}"
EndProject
Project("{FAE04EC0-301F-11D3-BF4B-00C04F79EFBC}") = "OverHeadRecord.Model", "OverHeadRecord.Model\OverHeadRecord.Model.csproj", "{41138CFE-B987-41AD-BC16-46BF6FA5C407}"
EndProject
Global
	GlobalSection(SolutionConfigurationPlatforms) = preSolution
		Debug|Any CPU = Debug|Any CPU
		Release|Any CPU = Release|Any CPU
	EndGlobalSection
	GlobalSection(ProjectConfigurationPlatforms) = postSolution
		{B1E36323-3386-49BB-BD65-90FBF2CBE88D}.Debug|Any CPU.ActiveCfg = Debug|Any CPU
		{B1E36323-3386-49BB-BD65-90FBF2CBE88D}.Debug|Any CPU.Build.0 = Debug|Any CPU
		{B1E36323-3386-49BB-BD65-90FBF2CBE88D}.Release|Any CPU.ActiveCfg = Release|Any CPU
		{B1E36323-3386-49BB-BD65-90FBF2CBE88D}.Release|Any CPU.Build.0 = Release|Any CPU
		{1D852C93-C64F-43CA-89E0-459490F251F6}.Debug|Any CPU.ActiveCfg = Debug|Any CPU
		{1D852C93-C64F-43CA-89E0-459490F251F6}.Debug|Any CPU.Build.0 = Debug|Any CPU
		{1D852C93-C64F-43CA-89E0-459490F251F6}.Release|Any CPU.ActiveCfg = Release|Any CPU
		{1D852C93-C64F-43CA-89E0-459490F251F6}.Release|Any CPU.Build.0 = Release|Any CPU
		{FBD66A5B-614B-475B-8F2B-D2EC68A8CE4D}.Debug|Any CPU.ActiveCfg = Debug|Any CPU
		{FBD66A5B-614B-475B-8F2B-D2EC68A8CE4D}.Debug|Any CPU.Build.0 = Debug|Any CPU
		{FBD66A5B-614B-475B-8F2B-D2EC68A8CE4D}.Release|Any CPU.ActiveCfg = Release|Any CPU
		{FBD66A5B-614B-475B-8F2B-D2EC68A8CE4D}.Release|Any CPU.Build.0 = Release|Any CPU
		{41138CFE-B987-41AD-BC16-46BF6FA5C407}.Debug|Any CPU.ActiveCfg = Debug|Any CPU
		{41138CFE-B987-41AD-BC16-46BF6FA5C407}.Debug|Any CPU.Build.0 = Debug|Any CPU
		{41138CFE-B987-41AD-BC16-46BF6FA5C407}.Release|Any CPU.ActiveCfg = Release|Any CPU
		{41138CFE-B987-41AD-BC16-46BF6FA5C407}.Release|Any CPU.Build.0 = Release|Any CPU
	EndGlobalSection
	GlobalSection(SolutionProperties) = preSolution
		HideSolutionNode = FALSE
	EndGlobalSection
	GlobalSection(ExtensibilityGlobals) = postSolution
		SolutionGuid = {D40C6261-2BDA-45B6-9835-6C157A83C705}
	EndGlobalSection
EndGlobal
